
Microsoft Visual Studio Solution File, Format Version 12.00
# Visual Studio Version 17
VisualStudioVersion = 17.9.34622.214
MinimumVisualStudioVersion = 10.0.40219.1
Project("{2150E333-8FDC-42A3-9474-1A3956D46DE8}") = "ConcertApp", "ConcertApp", "{9C6D50CC-F5D1-48EA-AE8E-19981F5039A5}"
EndProject
Project("{FAE04EC0-301F-11D3-BF4B-00C04F79EFBC}") = "ConcertApp.Web", "ConcertApp.Web\ConcertApp.Web.csproj", "{288CF113-7B78-470C-98D6-57A99723E0FA}"
EndProject
Global
	GlobalSection(SolutionConfigurationPlatforms) = preSolution
		Debug|Any CPU = Debug|Any CPU
		Release|Any CPU = Release|Any CPU
	EndGlobalSection
	GlobalSection(ProjectConfigurationPlatforms) = postSolution
		{288CF113-7B78-470C-98D6-57A99723E0FA}.Debug|Any CPU.ActiveCfg = Debug|Any CPU
		{288CF113-7B78-470C-98D6-57A99723E0FA}.Debug|Any CPU.Build.0 = Debug|Any CPU
		{288CF113-7B78-470C-98D6-57A99723E0FA}.Release|Any CPU.ActiveCfg = Release|Any CPU
		{288CF113-7B78-470C-98D6-57A99723E0FA}.Release|Any CPU.Build.0 = Release|Any CPU
	EndGlobalSection
	GlobalSection(SolutionProperties) = preSolution
		HideSolutionNode = FALSE
	EndGlobalSection
	GlobalSection(NestedProjects) = preSolution
		{288CF113-7B78-470C-98D6-57A99723E0FA} = {9C6D50CC-F5D1-48EA-AE8E-19981F5039A5}
	EndGlobalSection
	GlobalSection(ExtensibilityGlobals) = postSolution
		SolutionGuid = {9B62A6ED-E90B-47A8-8695-489C5C3DF758}
	EndGlobalSection
EndGlobal
